
Microsoft Visual Studio Solution File, Format Version 12.00
# Visual Studio Version 16
VisualStudioVersion = 16.0.29324.140
MinimumVisualStudioVersion = 10.0.40219.1
Project("{FAE04EC0-301F-11D3-BF4B-00C04F79EFBC}") = "SgartCore3Angular1Todo", "SgartCore3Angular1Todo\SgartCore3Angular1Todo.csproj", "{65BEB92F-62C2-46B3-9BDF-626DAB593BF9}"
EndProject
Global
	GlobalSection(SolutionConfigurationPlatforms) = preSolution
		Debug|Any CPU = Debug|Any CPU
		Release|Any CPU = Release|Any CPU
	EndGlobalSection
	GlobalSection(ProjectConfigurationPlatforms) = postSolution
		{65BEB92F-62C2-46B3-9BDF-626DAB593BF9}.Debug|Any CPU.ActiveCfg = Debug|Any CPU
		{65BEB92F-62C2-46B3-9BDF-626DAB593BF9}.Debug|Any CPU.Build.0 = Debug|Any CPU
		{65BEB92F-62C2-46B3-9BDF-626DAB593BF9}.Release|Any CPU.ActiveCfg = Release|Any CPU
		{65BEB92F-62C2-46B3-9BDF-626DAB593BF9}.Release|Any CPU.Build.0 = Release|Any CPU
	EndGlobalSection
	GlobalSection(SolutionProperties) = preSolution
		HideSolutionNode = FALSE
	EndGlobalSection
	GlobalSection(ExtensibilityGlobals) = postSolution
		SolutionGuid = {E4D5E040-DAF8-4345-975B-E42499A0FFEF}
	EndGlobalSection
EndGlobal
